// !$*UTF8*$!
{
	archiveVersion = 1;
	classes = {
	};
	objectVersion = 55;
	objects = {

/* Begin PBXBuildFile section */
		381D4F0D78FDAAD9FFBDAAD4 /* Pods_WithU.framework in Frameworks */ = {isa = PBXBuildFile; fileRef = 5B8D06DD24848BB6204B80C1 /* Pods_WithU.framework */; };
		CF165357281030A90045D0A2 /* AnniversaryView.swift in Sources */ = {isa = PBXBuildFile; fileRef = CF165356281030A90045D0A2 /* AnniversaryView.swift */; };
		CF165359281034800045D0A2 /* ProfileView.swift in Sources */ = {isa = PBXBuildFile; fileRef = CF165358281034800045D0A2 /* ProfileView.swift */; };
		CF16535B281034890045D0A2 /* StoryView.swift in Sources */ = {isa = PBXBuildFile; fileRef = CF16535A281034890045D0A2 /* StoryView.swift */; };
		CF16535D281034940045D0A2 /* SettingView.swift in Sources */ = {isa = PBXBuildFile; fileRef = CF16535C281034940045D0A2 /* SettingView.swift */; };
		CF16536128103B990045D0A2 /* AnniversaryViewModel.swift in Sources */ = {isa = PBXBuildFile; fileRef = CF16536028103B990045D0A2 /* AnniversaryViewModel.swift */; };
		CF4D51502806E37700146D9F /* WithUApp.swift in Sources */ = {isa = PBXBuildFile; fileRef = CF4D514F2806E37700146D9F /* WithUApp.swift */; };
		CF4D51522806E37700146D9F /* ContentView.swift in Sources */ = {isa = PBXBuildFile; fileRef = CF4D51512806E37700146D9F /* ContentView.swift */; };
		CF4D51542806E37900146D9F /* Assets.xcassets in Resources */ = {isa = PBXBuildFile; fileRef = CF4D51532806E37900146D9F /* Assets.xcassets */; };
		CF4D51572806E37900146D9F /* Preview Assets.xcassets in Resources */ = {isa = PBXBuildFile; fileRef = CF4D51562806E37900146D9F /* Preview Assets.xcassets */; };
		CF4D515E2806E62600146D9F /* MenuView.swift in Sources */ = {isa = PBXBuildFile; fileRef = CF4D515D2806E62600146D9F /* MenuView.swift */; };
		CF4D51602806E63400146D9F /* MenuHeadView.swift in Sources */ = {isa = PBXBuildFile; fileRef = CF4D515F2806E63400146D9F /* MenuHeadView.swift */; };
		CF4D51622806E64000146D9F /* MenuOptionView.swift in Sources */ = {isa = PBXBuildFile; fileRef = CF4D51612806E64000146D9F /* MenuOptionView.swift */; };
		CF4D51642806E65600146D9F /* MenuViewModel.swift in Sources */ = {isa = PBXBuildFile; fileRef = CF4D51632806E65600146D9F /* MenuViewModel.swift */; };
		CF6B0BA4280D7C5D00F9FC12 /* Lottie in Frameworks */ = {isa = PBXBuildFile; productRef = CF6B0BA3280D7C5D00F9FC12 /* Lottie */; };
		CF6B0BA6280D817500F9FC12 /* LottieHeartView.swift in Sources */ = {isa = PBXBuildFile; fileRef = CF6B0BA5280D817500F9FC12 /* LottieHeartView.swift */; };
		CF6B0BA8280D832D00F9FC12 /* heart.json in Resources */ = {isa = PBXBuildFile; fileRef = CF6B0BA7280D832D00F9FC12 /* heart.json */; };
		CF89A31D280ED908005FD672 /* ImagePicker.swift in Sources */ = {isa = PBXBuildFile; fileRef = CF89A31C280ED908005FD672 /* ImagePicker.swift */; };
		CFAA293828083E50001CAE7A /* LaunchScreen.swift in Sources */ = {isa = PBXBuildFile; fileRef = CFAA293728083E50001CAE7A /* LaunchScreen.swift */; };
		CFD52E132844D76200CEC320 /* HomeView.swift in Sources */ = {isa = PBXBuildFile; fileRef = CFD52E122844D76200CEC320 /* HomeView.swift */; };
		CFD52E172844DA5700CEC320 /* HomeImageView.swift in Sources */ = {isa = PBXBuildFile; fileRef = CFD52E162844DA5700CEC320 /* HomeImageView.swift */; };
		CFD52E192844DA9500CEC320 /* EmptyImageView.swift in Sources */ = {isa = PBXBuildFile; fileRef = CFD52E182844DA9500CEC320 /* EmptyImageView.swift */; };
		CFD52E1B2844E0EB00CEC320 /* CoupleImageView.swift in Sources */ = {isa = PBXBuildFile; fileRef = CFD52E1A2844E0EB00CEC320 /* CoupleImageView.swift */; };
		CFD52E1D2844E91400CEC320 /* User.swift in Sources */ = {isa = PBXBuildFile; fileRef = CFD52E1C2844E91400CEC320 /* User.swift */; };
		CFD52E212844EBAE00CEC320 /* Partner.swift in Sources */ = {isa = PBXBuildFile; fileRef = CFD52E202844EBAE00CEC320 /* Partner.swift */; };
		CFD52E252844F5C000CEC320 /* DdayCountView.swift in Sources */ = {isa = PBXBuildFile; fileRef = CFD52E242844F5C000CEC320 /* DdayCountView.swift */; };
/* End PBXBuildFile section */

/* Begin PBXFileReference section */
		5B8D06DD24848BB6204B80C1 /* Pods_WithU.framework */ = {isa = PBXFileReference; explicitFileType = wrapper.framework; includeInIndex = 0; path = Pods_WithU.framework; sourceTree = BUILT_PRODUCTS_DIR; };
		92169406D3711DD53CD3D16B /* Pods-WithU.debug.xcconfig */ = {isa = PBXFileReference; includeInIndex = 1; lastKnownFileType = text.xcconfig; name = "Pods-WithU.debug.xcconfig"; path = "Target Support Files/Pods-WithU/Pods-WithU.debug.xcconfig"; sourceTree = "<group>"; };
		C03D3172ECA2698A2A8618AE /* Pods-WithU.release.xcconfig */ = {isa = PBXFileReference; includeInIndex = 1; lastKnownFileType = text.xcconfig; name = "Pods-WithU.release.xcconfig"; path = "Target Support Files/Pods-WithU/Pods-WithU.release.xcconfig"; sourceTree = "<group>"; };
		CF165356281030A90045D0A2 /* AnniversaryView.swift */ = {isa = PBXFileReference; lastKnownFileType = sourcecode.swift; path = AnniversaryView.swift; sourceTree = "<group>"; };
		CF165358281034800045D0A2 /* ProfileView.swift */ = {isa = PBXFileReference; lastKnownFileType = sourcecode.swift; path = ProfileView.swift; sourceTree = "<group>"; };
		CF16535A281034890045D0A2 /* StoryView.swift */ = {isa = PBXFileReference; lastKnownFileType = sourcecode.swift; path = StoryView.swift; sourceTree = "<group>"; };
		CF16535C281034940045D0A2 /* SettingView.swift */ = {isa = PBXFileReference; lastKnownFileType = sourcecode.swift; path = SettingView.swift; sourceTree = "<group>"; };
		CF16536028103B990045D0A2 /* AnniversaryViewModel.swift */ = {isa = PBXFileReference; lastKnownFileType = sourcecode.swift; path = AnniversaryViewModel.swift; sourceTree = "<group>"; };
		CF4D514C2806E37700146D9F /* WithU.app */ = {isa = PBXFileReference; explicitFileType = wrapper.application; includeInIndex = 0; path = WithU.app; sourceTree = BUILT_PRODUCTS_DIR; };
		CF4D514F2806E37700146D9F /* WithUApp.swift */ = {isa = PBXFileReference; lastKnownFileType = sourcecode.swift; path = WithUApp.swift; sourceTree = "<group>"; };
		CF4D51512806E37700146D9F /* ContentView.swift */ = {isa = PBXFileReference; lastKnownFileType = sourcecode.swift; path = ContentView.swift; sourceTree = "<group>"; };
		CF4D51532806E37900146D9F /* Assets.xcassets */ = {isa = PBXFileReference; lastKnownFileType = folder.assetcatalog; path = Assets.xcassets; sourceTree = "<group>"; };
		CF4D51562806E37900146D9F /* Preview Assets.xcassets */ = {isa = PBXFileReference; lastKnownFileType = folder.assetcatalog; path = "Preview Assets.xcassets"; sourceTree = "<group>"; };
		CF4D515D2806E62600146D9F /* MenuView.swift */ = {isa = PBXFileReference; lastKnownFileType = sourcecode.swift; path = MenuView.swift; sourceTree = "<group>"; };
		CF4D515F2806E63400146D9F /* MenuHeadView.swift */ = {isa = PBXFileReference; lastKnownFileType = sourcecode.swift; path = MenuHeadView.swift; sourceTree = "<group>"; };
		CF4D51612806E64000146D9F /* MenuOptionView.swift */ = {isa = PBXFileReference; lastKnownFileType = sourcecode.swift; path = MenuOptionView.swift; sourceTree = "<group>"; };
		CF4D51632806E65600146D9F /* MenuViewModel.swift */ = {isa = PBXFileReference; lastKnownFileType = sourcecode.swift; path = MenuViewModel.swift; sourceTree = "<group>"; };
		CF6B0BA5280D817500F9FC12 /* LottieHeartView.swift */ = {isa = PBXFileReference; lastKnownFileType = sourcecode.swift; path = LottieHeartView.swift; sourceTree = "<group>"; };
		CF6B0BA7280D832D00F9FC12 /* heart.json */ = {isa = PBXFileReference; fileEncoding = 4; lastKnownFileType = text.json; path = heart.json; sourceTree = "<group>"; };
		CF89A31C280ED908005FD672 /* ImagePicker.swift */ = {isa = PBXFileReference; lastKnownFileType = sourcecode.swift; path = ImagePicker.swift; sourceTree = "<group>"; };
		CFAA293728083E50001CAE7A /* LaunchScreen.swift */ = {isa = PBXFileReference; lastKnownFileType = sourcecode.swift; path = LaunchScreen.swift; sourceTree = "<group>"; };
		CFAA293928084A52001CAE7A /* Info.plist */ = {isa = PBXFileReference; lastKnownFileType = text.plist; path = Info.plist; sourceTree = "<group>"; };
		CFD52E122844D76200CEC320 /* HomeView.swift */ = {isa = PBXFileReference; lastKnownFileType = sourcecode.swift; path = HomeView.swift; sourceTree = "<group>"; };
		CFD52E162844DA5700CEC320 /* HomeImageView.swift */ = {isa = PBXFileReference; lastKnownFileType = sourcecode.swift; path = HomeImageView.swift; sourceTree = "<group>"; };
		CFD52E182844DA9500CEC320 /* EmptyImageView.swift */ = {isa = PBXFileReference; lastKnownFileType = sourcecode.swift; path = EmptyImageView.swift; sourceTree = "<group>"; };
		CFD52E1A2844E0EB00CEC320 /* CoupleImageView.swift */ = {isa = PBXFileReference; lastKnownFileType = sourcecode.swift; path = CoupleImageView.swift; sourceTree = "<group>"; };
		CFD52E1C2844E91400CEC320 /* User.swift */ = {isa = PBXFileReference; lastKnownFileType = sourcecode.swift; path = User.swift; sourceTree = "<group>"; };
		CFD52E202844EBAE00CEC320 /* Partner.swift */ = {isa = PBXFileReference; lastKnownFileType = sourcecode.swift; path = Partner.swift; sourceTree = "<group>"; };
		CFD52E242844F5C000CEC320 /* DdayCountView.swift */ = {isa = PBXFileReference; lastKnownFileType = sourcecode.swift; path = DdayCountView.swift; sourceTree = "<group>"; };
/* End PBXFileReference section */

/* Begin PBXFrameworksBuildPhase section */
		CF4D51492806E37700146D9F /* Frameworks */ = {
			isa = PBXFrameworksBuildPhase;
			buildActionMask = 2147483647;
			files = (
				CF6B0BA4280D7C5D00F9FC12 /* Lottie in Frameworks */,
				381D4F0D78FDAAD9FFBDAAD4 /* Pods_WithU.framework in Frameworks */,
			);
			runOnlyForDeploymentPostprocessing = 0;
		};
/* End PBXFrameworksBuildPhase section */

/* Begin PBXGroup section */
		297A218C1B98CE85DE251DE2 /* Frameworks */ = {
			isa = PBXGroup;
			children = (
				5B8D06DD24848BB6204B80C1 /* Pods_WithU.framework */,
			);
			name = Frameworks;
			sourceTree = "<group>";
		};
		9C1A24E47D1352CA40EE73EB /* Pods */ = {
			isa = PBXGroup;
			children = (
				92169406D3711DD53CD3D16B /* Pods-WithU.debug.xcconfig */,
				C03D3172ECA2698A2A8618AE /* Pods-WithU.release.xcconfig */,
			);
			path = Pods;
			sourceTree = "<group>";
		};
		CF16535F28103B650045D0A2 /* Anniversary */ = {
			isa = PBXGroup;
			children = (
				CF165356281030A90045D0A2 /* AnniversaryView.swift */,
				CF16536028103B990045D0A2 /* AnniversaryViewModel.swift */,
			);
			path = Anniversary;
			sourceTree = "<group>";
		};
		CF4D51432806E37700146D9F = {
			isa = PBXGroup;
			children = (
				CF4D514E2806E37700146D9F /* WithU */,
				CF4D514D2806E37700146D9F /* Products */,
				9C1A24E47D1352CA40EE73EB /* Pods */,
				297A218C1B98CE85DE251DE2 /* Frameworks */,
			);
			sourceTree = "<group>";
		};
		CF4D514D2806E37700146D9F /* Products */ = {
			isa = PBXGroup;
			children = (
				CF4D514C2806E37700146D9F /* WithU.app */,
			);
			name = Products;
			sourceTree = "<group>";
		};
		CF4D514E2806E37700146D9F /* WithU */ = {
			isa = PBXGroup;
			children = (
				CFD52E152844D7A200CEC320 /* LaunchScreen */,
				CFD52E142844D79400CEC320 /* Lottie */,
				CFD52E112844D75500CEC320 /* Home */,
				CFD52E0F2844D6D900CEC320 /* Setting */,
				CFD52E0E2844D6CF00CEC320 /* Story */,
				CFD52E0D2844D6C300CEC320 /* Profile */,
				CF6B0BA7280D832D00F9FC12 /* heart.json */,
				CFAA293928084A52001CAE7A /* Info.plist */,
				CF4D514F2806E37700146D9F /* WithUApp.swift */,
				CF4D51512806E37700146D9F /* ContentView.swift */,
				CFD52E0C2844D6AC00CEC320 /* Menu */,
				CF16535F28103B650045D0A2 /* Anniversary */,
				CF89A31C280ED908005FD672 /* ImagePicker.swift */,
				CF4D51532806E37900146D9F /* Assets.xcassets */,
				CF4D51552806E37900146D9F /* Preview Content */,
			);
			path = WithU;
			sourceTree = "<group>";
		};
		CF4D51552806E37900146D9F /* Preview Content */ = {
			isa = PBXGroup;
			children = (
				CF4D51562806E37900146D9F /* Preview Assets.xcassets */,
			);
			path = "Preview Content";
			sourceTree = "<group>";
		};
		CFD52E0C2844D6AC00CEC320 /* Menu */ = {
			isa = PBXGroup;
			children = (
				CF4D515F2806E63400146D9F /* MenuHeadView.swift */,
				CF4D51612806E64000146D9F /* MenuOptionView.swift */,
				CF4D51632806E65600146D9F /* MenuViewModel.swift */,
				CF4D515D2806E62600146D9F /* MenuView.swift */,
			);
			path = Menu;
			sourceTree = "<group>";
		};
		CFD52E0D2844D6C300CEC320 /* Profile */ = {
			isa = PBXGroup;
			children = (
				CF165358281034800045D0A2 /* ProfileView.swift */,
			);
			path = Profile;
			sourceTree = "<group>";
		};
		CFD52E0E2844D6CF00CEC320 /* Story */ = {
			isa = PBXGroup;
			children = (
				CF16535A281034890045D0A2 /* StoryView.swift */,
			);
			path = Story;
			sourceTree = "<group>";
		};
		CFD52E0F2844D6D900CEC320 /* Setting */ = {
			isa = PBXGroup;
			children = (
				CF16535C281034940045D0A2 /* SettingView.swift */,
			);
			path = Setting;
			sourceTree = "<group>";
		};
		CFD52E112844D75500CEC320 /* Home */ = {
			isa = PBXGroup;
			children = (
				CFD52E122844D76200CEC320 /* HomeView.swift */,
				CFD52E162844DA5700CEC320 /* HomeImageView.swift */,
				CFD52E182844DA9500CEC320 /* EmptyImageView.swift */,
				CFD52E1A2844E0EB00CEC320 /* CoupleImageView.swift */,
				CFD52E1C2844E91400CEC320 /* User.swift */,
				CFD52E202844EBAE00CEC320 /* Partner.swift */,
				CFD52E242844F5C000CEC320 /* DdayCountView.swift */,
			);
			path = Home;
			sourceTree = "<group>";
		};
		CFD52E142844D79400CEC320 /* Lottie */ = {
			isa = PBXGroup;
			children = (
				CF6B0BA5280D817500F9FC12 /* LottieHeartView.swift */,
			);
			path = Lottie;
			sourceTree = "<group>";
		};
		CFD52E152844D7A200CEC320 /* LaunchScreen */ = {
			isa = PBXGroup;
			children = (
				CFAA293728083E50001CAE7A /* LaunchScreen.swift */,
			);
			path = LaunchScreen;
			sourceTree = "<group>";
		};
/* End PBXGroup section */

/* Begin PBXNativeTarget section */
		CF4D514B2806E37700146D9F /* WithU */ = {
			isa = PBXNativeTarget;
			buildConfigurationList = CF4D515A2806E37900146D9F /* Build configuration list for PBXNativeTarget "WithU" */;
			buildPhases = (
				2A8BC7151989BDAAE23E5A1F /* [CP] Check Pods Manifest.lock */,
				CF4D51482806E37700146D9F /* Sources */,
				CF4D51492806E37700146D9F /* Frameworks */,
				CF4D514A2806E37700146D9F /* Resources */,
				FB986430F44BA7FDFC15E353 /* [CP] Embed Pods Frameworks */,
			);
			buildRules = (
			);
			dependencies = (
			);
			name = WithU;
			packageProductDependencies = (
				CF6B0BA3280D7C5D00F9FC12 /* Lottie */,
			);
			productName = WithU;
			productReference = CF4D514C2806E37700146D9F /* WithU.app */;
			productType = "com.apple.product-type.application";
		};
/* End PBXNativeTarget section */

/* Begin PBXProject section */
		CF4D51442806E37700146D9F /* Project object */ = {
			isa = PBXProject;
			attributes = {
				BuildIndependentTargetsInParallel = 1;
				LastSwiftUpdateCheck = 1310;
				LastUpgradeCheck = 1310;
				TargetAttributes = {
					CF4D514B2806E37700146D9F = {
						CreatedOnToolsVersion = 13.1;
					};
				};
			};
			buildConfigurationList = CF4D51472806E37700146D9F /* Build configuration list for PBXProject "WithU" */;
			compatibilityVersion = "Xcode 13.0";
			developmentRegion = en;
			hasScannedForEncodings = 0;
			knownRegions = (
				en,
				Base,
			);
			mainGroup = CF4D51432806E37700146D9F;
			packageReferences = (
				CF6B0BA2280D7C5D00F9FC12 /* XCRemoteSwiftPackageReference "lottie-ios" */,
			);
			productRefGroup = CF4D514D2806E37700146D9F /* Products */;
			projectDirPath = "";
			projectRoot = "";
			targets = (
				CF4D514B2806E37700146D9F /* WithU */,
			);
		};
/* End PBXProject section */

/* Begin PBXResourcesBuildPhase section */
		CF4D514A2806E37700146D9F /* Resources */ = {
			isa = PBXResourcesBuildPhase;
			buildActionMask = 2147483647;
			files = (
				CF4D51572806E37900146D9F /* Preview Assets.xcassets in Resources */,
				CF4D51542806E37900146D9F /* Assets.xcassets in Resources */,
				CF6B0BA8280D832D00F9FC12 /* heart.json in Resources */,
			);
			runOnlyForDeploymentPostprocessing = 0;
		};
/* End PBXResourcesBuildPhase section */

/* Begin PBXShellScriptBuildPhase section */
		2A8BC7151989BDAAE23E5A1F /* [CP] Check Pods Manifest.lock */ = {
			isa = PBXShellScriptBuildPhase;
			buildActionMask = 2147483647;
			files = (
			);
			inputFileListPaths = (
			);
			inputPaths = (
				"${PODS_PODFILE_DIR_PATH}/Podfile.lock",
				"${PODS_ROOT}/Manifest.lock",
			);
			name = "[CP] Check Pods Manifest.lock";
			outputFileListPaths = (
			);
			outputPaths = (
				"$(DERIVED_FILE_DIR)/Pods-WithU-checkManifestLockResult.txt",
			);
			runOnlyForDeploymentPostprocessing = 0;
			shellPath = /bin/sh;
			shellScript = "diff \"${PODS_PODFILE_DIR_PATH}/Podfile.lock\" \"${PODS_ROOT}/Manifest.lock\" > /dev/null\nif [ $? != 0 ] ; then\n    # print error to STDERR\n    echo \"error: The sandbox is not in sync with the Podfile.lock. Run 'pod install' or update your CocoaPods installation.\" >&2\n    exit 1\nfi\n# This output is used by Xcode 'outputs' to avoid re-running this script phase.\necho \"SUCCESS\" > \"${SCRIPT_OUTPUT_FILE_0}\"\n";
			showEnvVarsInLog = 0;
		};
		FB986430F44BA7FDFC15E353 /* [CP] Embed Pods Frameworks */ = {
			isa = PBXShellScriptBuildPhase;
			buildActionMask = 2147483647;
			files = (
			);
			inputFileListPaths = (
				"${PODS_ROOT}/Target Support Files/Pods-WithU/Pods-WithU-frameworks-${CONFIGURATION}-input-files.xcfilelist",
			);
			name = "[CP] Embed Pods Frameworks";
			outputFileListPaths = (
				"${PODS_ROOT}/Target Support Files/Pods-WithU/Pods-WithU-frameworks-${CONFIGURATION}-output-files.xcfilelist",
			);
			runOnlyForDeploymentPostprocessing = 0;
			shellPath = /bin/sh;
			shellScript = "\"${PODS_ROOT}/Target Support Files/Pods-WithU/Pods-WithU-frameworks.sh\"\n";
			showEnvVarsInLog = 0;
		};
/* End PBXShellScriptBuildPhase section */

/* Begin PBXSourcesBuildPhase section */
		CF4D51482806E37700146D9F /* Sources */ = {
			isa = PBXSourcesBuildPhase;
			buildActionMask = 2147483647;
			files = (
				CF6B0BA6280D817500F9FC12 /* LottieHeartView.swift in Sources */,
				CFD52E252844F5C000CEC320 /* DdayCountView.swift in Sources */,
				CFD52E192844DA9500CEC320 /* EmptyImageView.swift in Sources */,
				CF165357281030A90045D0A2 /* AnniversaryView.swift in Sources */,
				CFAA293828083E50001CAE7A /* LaunchScreen.swift in Sources */,
				CFD52E132844D76200CEC320 /* HomeView.swift in Sources */,
				CF4D51522806E37700146D9F /* ContentView.swift in Sources */,
				CFD52E172844DA5700CEC320 /* HomeImageView.swift in Sources */,
				CF4D515E2806E62600146D9F /* MenuView.swift in Sources */,
				CF89A31D280ED908005FD672 /* ImagePicker.swift in Sources */,
				CF16535B281034890045D0A2 /* StoryView.swift in Sources */,
				CFD52E1B2844E0EB00CEC320 /* CoupleImageView.swift in Sources */,
				CF4D51502806E37700146D9F /* WithUApp.swift in Sources */,
				CFD52E212844EBAE00CEC320 /* Partner.swift in Sources */,
				CF16535D281034940045D0A2 /* SettingView.swift in Sources */,
				CF16536128103B990045D0A2 /* AnniversaryViewModel.swift in Sources */,
				CF4D51642806E65600146D9F /* MenuViewModel.swift in Sources */,
				CF4D51622806E64000146D9F /* MenuOptionView.swift in Sources */,
				CF165359281034800045D0A2 /* ProfileView.swift in Sources */,
				CF4D51602806E63400146D9F /* MenuHeadView.swift in Sources */,
				CFD52E1D2844E91400CEC320 /* User.swift in Sources */,
			);
			runOnlyForDeploymentPostprocessing = 0;
		};
/* End PBXSourcesBuildPhase section */

/* Begin XCBuildConfiguration section */
		CF4D51582806E37900146D9F /* Debug */ = {
			isa = XCBuildConfiguration;
			buildSettings = {
				ALWAYS_SEARCH_USER_PATHS = NO;
				CLANG_ANALYZER_NONNULL = YES;
				CLANG_ANALYZER_NUMBER_OBJECT_CONVERSION = YES_AGGRESSIVE;
				CLANG_CXX_LANGUAGE_STANDARD = "gnu++17";
				CLANG_CXX_LIBRARY = "libc++";
				CLANG_ENABLE_MODULES = YES;
				CLANG_ENABLE_OBJC_ARC = YES;
				CLANG_ENABLE_OBJC_WEAK = YES;
				CLANG_WARN_BLOCK_CAPTURE_AUTORELEASING = YES;
				CLANG_WARN_BOOL_CONVERSION = YES;
				CLANG_WARN_COMMA = YES;
				CLANG_WARN_CONSTANT_CONVERSION = YES;
				CLANG_WARN_DEPRECATED_OBJC_IMPLEMENTATIONS = YES;
				CLANG_WARN_DIRECT_OBJC_ISA_USAGE = YES_ERROR;
				CLANG_WARN_DOCUMENTATION_COMMENTS = YES;
				CLANG_WARN_EMPTY_BODY = YES;
				CLANG_WARN_ENUM_CONVERSION = YES;
				CLANG_WARN_INFINITE_RECURSION = YES;
				CLANG_WARN_INT_CONVERSION = YES;
				CLANG_WARN_NON_LITERAL_NULL_CONVERSION = YES;
				CLANG_WARN_OBJC_IMPLICIT_RETAIN_SELF = YES;
				CLANG_WARN_OBJC_LITERAL_CONVERSION = YES;
				CLANG_WARN_OBJC_ROOT_CLASS = YES_ERROR;
				CLANG_WARN_QUOTED_INCLUDE_IN_FRAMEWORK_HEADER = YES;
				CLANG_WARN_RANGE_LOOP_ANALYSIS = YES;
				CLANG_WARN_STRICT_PROTOTYPES = YES;
				CLANG_WARN_SUSPICIOUS_MOVE = YES;
				CLANG_WARN_UNGUARDED_AVAILABILITY = YES_AGGRESSIVE;
				CLANG_WARN_UNREACHABLE_CODE = YES;
				CLANG_WARN__DUPLICATE_METHOD_MATCH = YES;
				COPY_PHASE_STRIP = NO;
				DEBUG_INFORMATION_FORMAT = dwarf;
				ENABLE_STRICT_OBJC_MSGSEND = YES;
				ENABLE_TESTABILITY = YES;
				GCC_C_LANGUAGE_STANDARD = gnu11;
				GCC_DYNAMIC_NO_PIC = NO;
				GCC_NO_COMMON_BLOCKS = YES;
				GCC_OPTIMIZATION_LEVEL = 0;
				GCC_PREPROCESSOR_DEFINITIONS = (
					"DEBUG=1",
					"$(inherited)",
				);
				GCC_WARN_64_TO_32_BIT_CONVERSION = YES;
				GCC_WARN_ABOUT_RETURN_TYPE = YES_ERROR;
				GCC_WARN_UNDECLARED_SELECTOR = YES;
				GCC_WARN_UNINITIALIZED_AUTOS = YES_AGGRESSIVE;
				GCC_WARN_UNUSED_FUNCTION = YES;
				GCC_WARN_UNUSED_VARIABLE = YES;
				IPHONEOS_DEPLOYMENT_TARGET = 15.0;
				MTL_ENABLE_DEBUG_INFO = INCLUDE_SOURCE;
				MTL_FAST_MATH = YES;
				ONLY_ACTIVE_ARCH = YES;
				SDKROOT = iphoneos;
				SWIFT_ACTIVE_COMPILATION_CONDITIONS = DEBUG;
				SWIFT_OPTIMIZATION_LEVEL = "-Onone";
			};
			name = Debug;
		};
		CF4D51592806E37900146D9F /* Release */ = {
			isa = XCBuildConfiguration;
			buildSettings = {
				ALWAYS_SEARCH_USER_PATHS = NO;
				CLANG_ANALYZER_NONNULL = YES;
				CLANG_ANALYZER_NUMBER_OBJECT_CONVERSION = YES_AGGRESSIVE;
				CLANG_CXX_LANGUAGE_STANDARD = "gnu++17";
				CLANG_CXX_LIBRARY = "libc++";
				CLANG_ENABLE_MODULES = YES;
				CLANG_ENABLE_OBJC_ARC = YES;
				CLANG_ENABLE_OBJC_WEAK = YES;
				CLANG_WARN_BLOCK_CAPTURE_AUTORELEASING = YES;
				CLANG_WARN_BOOL_CONVERSION = YES;
				CLANG_WARN_COMMA = YES;
				CLANG_WARN_CONSTANT_CONVERSION = YES;
				CLANG_WARN_DEPRECATED_OBJC_IMPLEMENTATIONS = YES;
				CLANG_WARN_DIRECT_OBJC_ISA_USAGE = YES_ERROR;
				CLANG_WARN_DOCUMENTATION_COMMENTS = YES;
				CLANG_WARN_EMPTY_BODY = YES;
				CLANG_WARN_ENUM_CONVERSION = YES;
				CLANG_WARN_INFINITE_RECURSION = YES;
				CLANG_WARN_INT_CONVERSION = YES;
				CLANG_WARN_NON_LITERAL_NULL_CONVERSION = YES;
				CLANG_WARN_OBJC_IMPLICIT_RETAIN_SELF = YES;
				CLANG_WARN_OBJC_LITERAL_CONVERSION = YES;
				CLANG_WARN_OBJC_ROOT_CLASS = YES_ERROR;
				CLANG_WARN_QUOTED_INCLUDE_IN_FRAMEWORK_HEADER = YES;
				CLANG_WARN_RANGE_LOOP_ANALYSIS = YES;
				CLANG_WARN_STRICT_PROTOTYPES = YES;
				CLANG_WARN_SUSPICIOUS_MOVE = YES;
				CLANG_WARN_UNGUARDED_AVAILABILITY = YES_AGGRESSIVE;
				CLANG_WARN_UNREACHABLE_CODE = YES;
				CLANG_WARN__DUPLICATE_METHOD_MATCH = YES;
				COPY_PHASE_STRIP = NO;
				DEBUG_INFORMATION_FORMAT = "dwarf-with-dsym";
				ENABLE_NS_ASSERTIONS = NO;
				ENABLE_STRICT_OBJC_MSGSEND = YES;
				GCC_C_LANGUAGE_STANDARD = gnu11;
				GCC_NO_COMMON_BLOCKS = YES;
				GCC_WARN_64_TO_32_BIT_CONVERSION = YES;
				GCC_WARN_ABOUT_RETURN_TYPE = YES_ERROR;
				GCC_WARN_UNDECLARED_SELECTOR = YES;
				GCC_WARN_UNINITIALIZED_AUTOS = YES_AGGRESSIVE;
				GCC_WARN_UNUSED_FUNCTION = YES;
				GCC_WARN_UNUSED_VARIABLE = YES;
				IPHONEOS_DEPLOYMENT_TARGET = 15.0;
				MTL_ENABLE_DEBUG_INFO = NO;
				MTL_FAST_MATH = YES;
				SDKROOT = iphoneos;
				SWIFT_COMPILATION_MODE = wholemodule;
				SWIFT_OPTIMIZATION_LEVEL = "-O";
				VALIDATE_PRODUCT = YES;
			};
			name = Release;
		};
		CF4D515B2806E37900146D9F /* Debug */ = {
			isa = XCBuildConfiguration;
			baseConfigurationReference = 92169406D3711DD53CD3D16B /* Pods-WithU.debug.xcconfig */;
			buildSettings = {
				ASSETCATALOG_COMPILER_APPICON_NAME = AppIcon;
				ASSETCATALOG_COMPILER_GLOBAL_ACCENT_COLOR_NAME = AccentColor;
				CODE_SIGN_STYLE = Automatic;
				CURRENT_PROJECT_VERSION = 1;
				DEVELOPMENT_ASSET_PATHS = "\"WithU/Preview Content\"";
				DEVELOPMENT_TEAM = 55R62292CP;
				ENABLE_PREVIEWS = YES;
				GENERATE_INFOPLIST_FILE = YES;
				INFOPLIST_FILE = WithU/Info.plist;
				INFOPLIST_KEY_UIApplicationSceneManifest_Generation = YES;
				INFOPLIST_KEY_UIApplicationSupportsIndirectInputEvents = YES;
				INFOPLIST_KEY_UISupportedInterfaceOrientations = UIInterfaceOrientationPortrait;
				INFOPLIST_KEY_UISupportedInterfaceOrientations_iPad = "UIInterfaceOrientationPortrait UIInterfaceOrientationPortraitUpsideDown UIInterfaceOrientationLandscapeLeft UIInterfaceOrientationLandscapeRight";
				INFOPLIST_KEY_UISupportedInterfaceOrientations_iPhone = "UIInterfaceOrientationPortrait UIInterfaceOrientationLandscapeLeft UIInterfaceOrientationLandscapeRight";
				IPHONEOS_DEPLOYMENT_TARGET = 15.0;
				LD_RUNPATH_SEARCH_PATHS = (
					"$(inherited)",
					"@executable_path/Frameworks",
				);
				MARKETING_VERSION = 1.0;
				PRODUCT_BUNDLE_IDENTIFIER = com.seosh.WithU;
				PRODUCT_NAME = "$(TARGET_NAME)";
				SWIFT_EMIT_LOC_STRINGS = YES;
				SWIFT_VERSION = 5.0;
				TARGETED_DEVICE_FAMILY = 1;
			};
			name = Debug;
		};
		CF4D515C2806E37900146D9F /* Release */ = {
			isa = XCBuildConfiguration;
			baseConfigurationReference = C03D3172ECA2698A2A8618AE /* Pods-WithU.release.xcconfig */;
			buildSettings = {
				ASSETCATALOG_COMPILER_APPICON_NAME = AppIcon;
				ASSETCATALOG_COMPILER_GLOBAL_ACCENT_COLOR_NAME = AccentColor;
				CODE_SIGN_STYLE = Automatic;
				CURRENT_PROJECT_VERSION = 1;
				DEVELOPMENT_ASSET_PATHS = "\"WithU/Preview Content\"";
				DEVELOPMENT_TEAM = 55R62292CP;
				ENABLE_PREVIEWS = YES;
				GENERATE_INFOPLIST_FILE = YES;
				INFOPLIST_FILE = WithU/Info.plist;
				INFOPLIST_KEY_UIApplicationSceneManifest_Generation = YES;
				INFOPLIST_KEY_UIApplicationSupportsIndirectInputEvents = YES;
				INFOPLIST_KEY_UISupportedInterfaceOrientations = UIInterfaceOrientationPortrait;
				INFOPLIST_KEY_UISupportedInterfaceOrientations_iPad = "UIInterfaceOrientationPortrait UIInterfaceOrientationPortraitUpsideDown UIInterfaceOrientationLandscapeLeft UIInterfaceOrientationLandscapeRight";
				INFOPLIST_KEY_UISupportedInterfaceOrientations_iPhone = "UIInterfaceOrientationPortrait UIInterfaceOrientationLandscapeLeft UIInterfaceOrientationLandscapeRight";
				IPHONEOS_DEPLOYMENT_TARGET = 15.0;
				LD_RUNPATH_SEARCH_PATHS = (
					"$(inherited)",
					"@executable_path/Frameworks",
				);
				MARKETING_VERSION = 1.0;
				PRODUCT_BUNDLE_IDENTIFIER = com.seosh.WithU;
				PRODUCT_NAME = "$(TARGET_NAME)";
				SWIFT_EMIT_LOC_STRINGS = YES;
				SWIFT_VERSION = 5.0;
				TARGETED_DEVICE_FAMILY = 1;
			};
			name = Release;
		};
/* End XCBuildConfiguration section */

/* Begin XCConfigurationList section */
		CF4D51472806E37700146D9F /* Build configuration list for PBXProject "WithU" */ = {
			isa = XCConfigurationList;
			buildConfigurations = (
				CF4D51582806E37900146D9F /* Debug */,
				CF4D51592806E37900146D9F /* Release */,
			);
			defaultConfigurationIsVisible = 0;
			defaultConfigurationName = Release;
		};
		CF4D515A2806E37900146D9F /* Build configuration list for PBXNativeTarget "WithU" */ = {
			isa = XCConfigurationList;
			buildConfigurations = (
				CF4D515B2806E37900146D9F /* Debug */,
				CF4D515C2806E37900146D9F /* Release */,
			);
			defaultConfigurationIsVisible = 0;
			defaultConfigurationName = Release;
		};
/* End XCConfigurationList section */

/* Begin XCRemoteSwiftPackageReference section */
		CF6B0BA2280D7C5D00F9FC12 /* XCRemoteSwiftPackageReference "lottie-ios" */ = {
			isa = XCRemoteSwiftPackageReference;
			repositoryURL = "https://github.com/airbnb/lottie-ios.git";
			requirement = {
				kind = upToNextMajorVersion;
				minimumVersion = 3.0.0;
			};
		};
/* End XCRemoteSwiftPackageReference section */

/* Begin XCSwiftPackageProductDependency section */
		CF6B0BA3280D7C5D00F9FC12 /* Lottie */ = {
			isa = XCSwiftPackageProductDependency;
			package = CF6B0BA2280D7C5D00F9FC12 /* XCRemoteSwiftPackageReference "lottie-ios" */;
			productName = Lottie;
		};
/* End XCSwiftPackageProductDependency section */
	};
	rootObject = CF4D51442806E37700146D9F /* Project object */;
}
